
Microsoft Visual Studio Solution File, Format Version 12.00
# Visual Studio Version 17
VisualStudioVersion = 17.14.36301.6
MinimumVisualStudioVersion = 10.0.40219.1
Project("{FAE04EC0-301F-11D3-BF4B-00C04F79EFBC}") = "CarRentalSystem", "CarRentalSystem\CarRentalSystem.csproj", "{4B0BDB2D-FCA9-4AA0-AB2F-6DDD4A38FDEA}"
EndProject
Global
	GlobalSection(SolutionConfigurationPlatforms) = preSolution
		Debug|Any CPU = Debug|Any CPU
		Release|Any CPU = Release|Any CPU
	EndGlobalSection
	GlobalSection(ProjectConfigurationPlatforms) = postSolution
		{4B0BDB2D-FCA9-4AA0-AB2F-6DDD4A38FDEA}.Debug|Any CPU.ActiveCfg = Debug|Any CPU
		{4B0BDB2D-FCA9-4AA0-AB2F-6DDD4A38FDEA}.Debug|Any CPU.Build.0 = Debug|Any CPU
		{4B0BDB2D-FCA9-4AA0-AB2F-6DDD4A38FDEA}.Release|Any CPU.ActiveCfg = Release|Any CPU
		{4B0BDB2D-FCA9-4AA0-AB2F-6DDD4A38FDEA}.Release|Any CPU.Build.0 = Release|Any CPU
	EndGlobalSection
	GlobalSection(SolutionProperties) = preSolution
		HideSolutionNode = FALSE
	EndGlobalSection
	GlobalSection(ExtensibilityGlobals) = postSolution
		SolutionGuid = {7C5A323E-09FC-481F-914D-5DCE8AE8DA74}
	EndGlobalSection
EndGlobal
